{
  "name": "pomodoro",
  "version": "1.0.0",
  "lockfileVersion": 2,
  "requires": true,
  "packages": {
    "": {
      "name": "pomodoro",
      "version": "1.0.0",
      "license": "ISC",
      "dependencies": {
        "bootstrap-icons": "^1.7.2",
        "easytimer.js": "^4.5.1"
      }
    },
    "node_modules/bootstrap-icons": {
      "version": "1.7.2",
      "resolved": "https://registry.npmjs.org/bootstrap-icons/-/bootstrap-icons-1.7.2.tgz",
      "integrity": "sha512-NiR2PqC73AQOPdVSu6GJfnk+hN2z6powcistXk1JgPnKuoV2FSdSl26w931Oz9HYbKCcKUSB6ncZTYJAYJl3QQ==",
      "engines": {
        "node": ">=10"
      }
    },
    "node_modules/easytimer.js": {
      "version": "4.5.1",
      "resolved": "https://registry.npmjs.org/easytimer.js/-/easytimer.js-4.5.1.tgz",
      "integrity": "sha512-m+ZVLeBevBhUqw6kghBMnXHSIH+N1VFcwj2cP5zJ+ovbXLR0mWddDj9n1VwmJGpHMbOjLuBfq3j4l/gJ/lvdRQ=="
    }
  },
  "dependencies": {
    "bootstrap-icons": {
      "version": "1.7.2",
      "resolved": "https://registry.npmjs.org/bootstrap-icons/-/bootstrap-icons-1.7.2.tgz",
      "integrity": "sha512-NiR2PqC73AQOPdVSu6GJfnk+hN2z6powcistXk1JgPnKuoV2FSdSl26w931Oz9HYbKCcKUSB6ncZTYJAYJl3QQ=="
    },
    "easytimer.js": {
      "version": "4.5.1",
      "resolved": "https://registry.npmjs.org/easytimer.js/-/easytimer.js-4.5.1.tgz",
      "integrity": "sha512-m+ZVLeBevBhUqw6kghBMnXHSIH+N1VFcwj2cP5zJ+ovbXLR0mWddDj9n1VwmJGpHMbOjLuBfq3j4l/gJ/lvdRQ=="
    }
  }
}
